
Microsoft Visual Studio Solution File, Format Version 12.00
# Visual Studio Version 17
VisualStudioVersion = 17.6.33829.357
MinimumVisualStudioVersion = 10.0.40219.1
Project("{FAE04EC0-301F-11D3-BF4B-00C04F79EFBC}") = "AvaloniaCanvasApp", "AvaloniaCanvasApp.csproj", "{05493D65-6BEA-4459-8DB4-ED635CE85934}"
EndProject
Global
	GlobalSection(SolutionConfigurationPlatforms) = preSolution
		Debug|Any CPU = Debug|Any CPU
		Release|Any CPU = Release|Any CPU
	EndGlobalSection
	GlobalSection(ProjectConfigurationPlatforms) = postSolution
		{05493D65-6BEA-4459-8DB4-ED635CE85934}.Debug|Any CPU.ActiveCfg = Debug|Any CPU
		{05493D65-6BEA-4459-8DB4-ED635CE85934}.Debug|Any CPU.Build.0 = Debug|Any CPU
		{05493D65-6BEA-4459-8DB4-ED635CE85934}.Release|Any CPU.ActiveCfg = Release|Any CPU
		{05493D65-6BEA-4459-8DB4-ED635CE85934}.Release|Any CPU.Build.0 = Release|Any CPU
	EndGlobalSection
	GlobalSection(SolutionProperties) = preSolution
		HideSolutionNode = FALSE
	EndGlobalSection
	GlobalSection(ExtensibilityGlobals) = postSolution
		SolutionGuid = {92F6A905-93BA-4F81-B6C9-94775A2F44EB}
	EndGlobalSection
EndGlobal
